{
  "name": "jwt",
  "lockfileVersion": 2,
  "requires": true,
  "packages": {
    "": {
      "dependencies": {
        "jose": "^4.9.2"
      }
    },
    "node_modules/jose": {
      "version": "4.9.2",
      "resolved": "https://registry.npmjs.org/jose/-/jose-4.9.2.tgz",
      "integrity": "sha512-EqKvu2PqJCD3Jrg3PvcYZVS7D21qMVLSYMDAFcOdGUEOpJSLNtJO7NjLANvu3SYHVl6pdP2ff7ve6EZW2nX7Nw==",
      "funding": {
        "url": "https://github.com/sponsors/panva"
      }
    }
  },
  "dependencies": {
    "jose": {
      "version": "4.9.2",
      "resolved": "https://registry.npmjs.org/jose/-/jose-4.9.2.tgz",
      "integrity": "sha512-EqKvu2PqJCD3Jrg3PvcYZVS7D21qMVLSYMDAFcOdGUEOpJSLNtJO7NjLANvu3SYHVl6pdP2ff7ve6EZW2nX7Nw=="
    }
  }
}
